
Microsoft Visual Studio Solution File, Format Version 12.00
# Visual Studio Version 16
VisualStudioVersion = 16.0.31019.35
MinimumVisualStudioVersion = 10.0.40219.1
Project("{888888A0-9F3D-457C-B088-3A5042F75D52}") = "Web LR2", "Web LR2\Web LR2.pyproj", "{D095BB61-D264-441B-8259-7DE38BE1EF3A}"
EndProject
Global
	GlobalSection(SolutionConfigurationPlatforms) = preSolution
		Debug|Any CPU = Debug|Any CPU
		Release|Any CPU = Release|Any CPU
	EndGlobalSection
	GlobalSection(ProjectConfigurationPlatforms) = postSolution
		{D095BB61-D264-441B-8259-7DE38BE1EF3A}.Debug|Any CPU.ActiveCfg = Debug|Any CPU
		{D095BB61-D264-441B-8259-7DE38BE1EF3A}.Release|Any CPU.ActiveCfg = Release|Any CPU
	EndGlobalSection
	GlobalSection(SolutionProperties) = preSolution
		HideSolutionNode = FALSE
	EndGlobalSection
	GlobalSection(ExtensibilityGlobals) = postSolution
		SolutionGuid = {F679375A-E8E2-49FE-B867-825392B31752}
	EndGlobalSection
EndGlobal
